// !$*UTF8*$!
{
	archiveVersion = 1;
	classes = {
	};
	objectVersion = 46;
	objects = {

/* Begin PBXBuildFile section */
		303939211CA4F3780045762D /* AppDelegate.swift in Sources */ = {isa = PBXBuildFile; fileRef = 303939201CA4F3780045762D /* AppDelegate.swift */; };
		303939231CA4F3780045762D /* ViewController.swift in Sources */ = {isa = PBXBuildFile; fileRef = 303939221CA4F3780045762D /* ViewController.swift */; };
		303939261CA4F3780045762D /* Main.storyboard in Resources */ = {isa = PBXBuildFile; fileRef = 303939241CA4F3780045762D /* Main.storyboard */; };
		303939291CA4F3780045762D /* Groupify.xcdatamodeld in Sources */ = {isa = PBXBuildFile; fileRef = 303939271CA4F3780045762D /* Groupify.xcdatamodeld */; };
		3039392B1CA4F3780045762D /* Assets.xcassets in Resources */ = {isa = PBXBuildFile; fileRef = 3039392A1CA4F3780045762D /* Assets.xcassets */; };
		3039392E1CA4F3780045762D /* LaunchScreen.storyboard in Resources */ = {isa = PBXBuildFile; fileRef = 3039392C1CA4F3780045762D /* LaunchScreen.storyboard */; };
/* End PBXBuildFile section */

/* Begin PBXFileReference section */
		3039391D1CA4F3780045762D /* Groupify.app */ = {isa = PBXFileReference; explicitFileType = wrapper.application; includeInIndex = 0; path = Groupify.app; sourceTree = BUILT_PRODUCTS_DIR; };
		303939201CA4F3780045762D /* AppDelegate.swift */ = {isa = PBXFileReference; lastKnownFileType = sourcecode.swift; path = AppDelegate.swift; sourceTree = "<group>"; };
		303939221CA4F3780045762D /* ViewController.swift */ = {isa = PBXFileReference; lastKnownFileType = sourcecode.swift; path = ViewController.swift; sourceTree = "<group>"; };
		303939251CA4F3780045762D /* Base */ = {isa = PBXFileReference; lastKnownFileType = file.storyboard; name = Base; path = Base.lproj/Main.storyboard; sourceTree = "<group>"; };
		303939281CA4F3780045762D /* Groupify.xcdatamodel */ = {isa = PBXFileReference; lastKnownFileType = wrapper.xcdatamodel; path = Groupify.xcdatamodel; sourceTree = "<group>"; };
		3039392A1CA4F3780045762D /* Assets.xcassets */ = {isa = PBXFileReference; lastKnownFileType = folder.assetcatalog; path = Assets.xcassets; sourceTree = "<group>"; };
		3039392D1CA4F3780045762D /* Base */ = {isa = PBXFileReference; lastKnownFileType = file.storyboard; name = Base; path = Base.lproj/LaunchScreen.storyboard; sourceTree = "<group>"; };
		3039392F1CA4F3780045762D /* Info.plist */ = {isa = PBXFileReference; lastKnownFileType = text.plist.xml; path = Info.plist; sourceTree = "<group>"; };
/* End PBXFileReference section */

/* Begin PBXFrameworksBuildPhase section */
		3039391A1CA4F3780045762D /* Frameworks */ = {
			isa = PBXFrameworksBuildPhase;
			buildActionMask = 2147483647;
			files = (
			);
			runOnlyForDeploymentPostprocessing = 0;
		};
/* End PBXFrameworksBuildPhase section */

/* Begin PBXGroup section */
		303939141CA4F3780045762D = {
			isa = PBXGroup;
			children = (
				3039391F1CA4F3780045762D /* Groupify */,
				3039391E1CA4F3780045762D /* Products */,
			);
			sourceTree = "<group>";
		};
		3039391E1CA4F3780045762D /* Products */ = {
			isa = PBXGroup;
			children = (
				3039391D1CA4F3780045762D /* Groupify.app */,
			);
			name = Products;
			sourceTree = "<group>";
		};
		3039391F1CA4F3780045762D /* Groupify */ = {
			isa = PBXGroup;
			children = (
				303939201CA4F3780045762D /* AppDelegate.swift */,
				303939221CA4F3780045762D /* ViewController.swift */,
				303939241CA4F3780045762D /* Main.storyboard */,
				3039392A1CA4F3780045762D /* Assets.xcassets */,
				3039392C1CA4F3780045762D /* LaunchScreen.storyboard */,
				3039392F1CA4F3780045762D /* Info.plist */,
				303939271CA4F3780045762D /* Groupify.xcdatamodeld */,
			);
			path = Groupify;
			sourceTree = "<group>";
		};
/* End PBXGroup section */

/* Begin PBXNativeTarget section */
		3039391C1CA4F3780045762D /* Groupify */ = {
			isa = PBXNativeTarget;
			buildConfigurationList = 303939321CA4F3780045762D /* Build configuration list for PBXNativeTarget "Groupify" */;
			buildPhases = (
				303939191CA4F3780045762D /* Sources */,
				3039391A1CA4F3780045762D /* Frameworks */,
				3039391B1CA4F3780045762D /* Resources */,
			);
			buildRules = (
			);
			dependencies = (
			);
			name = Groupify;
			productName = Groupify;
			productReference = 3039391D1CA4F3780045762D /* Groupify.app */;
			productType = "com.apple.product-type.application";
		};
/* End PBXNativeTarget section */

/* Begin PBXProject section */
		303939151CA4F3780045762D /* Project object */ = {
			isa = PBXProject;
			attributes = {
				LastSwiftUpdateCheck = 0720;
				LastUpgradeCheck = 0720;
				ORGANIZATIONNAME = Spencer.Bywater;
				TargetAttributes = {
					3039391C1CA4F3780045762D = {
						CreatedOnToolsVersion = 7.2.1;
					};
				};
			};
			buildConfigurationList = 303939181CA4F3780045762D /* Build configuration list for PBXProject "Groupify" */;
			compatibilityVersion = "Xcode 3.2";
			developmentRegion = English;
			hasScannedForEncodings = 0;
			knownRegions = (
				en,
				Base,
			);
			mainGroup = 303939141CA4F3780045762D;
			productRefGroup = 3039391E1CA4F3780045762D /* Products */;
			projectDirPath = "";
			projectRoot = "";
			targets = (
				3039391C1CA4F3780045762D /* Groupify */,
			);
		};
/* End PBXProject section */

/* Begin PBXResourcesBuildPhase section */
		3039391B1CA4F3780045762D /* Resources */ = {
			isa = PBXResourcesBuildPhase;
			buildActionMask = 2147483647;
			files = (
				3039392E1CA4F3780045762D /* LaunchScreen.storyboard in Resources */,
				3039392B1CA4F3780045762D /* Assets.xcassets in Resources */,
				303939261CA4F3780045762D /* Main.storyboard in Resources */,
			);
			runOnlyForDeploymentPostprocessing = 0;
		};
/* End PBXResourcesBuildPhase section */

/* Begin PBXSourcesBuildPhase section */
		303939191CA4F3780045762D /* Sources */ = {
			isa = PBXSourcesBuildPhase;
			buildActionMask = 2147483647;
			files = (
				303939231CA4F3780045762D /* ViewController.swift in Sources */,
				303939291CA4F3780045762D /* Groupify.xcdatamodeld in Sources */,
				303939211CA4F3780045762D /* AppDelegate.swift in Sources */,
			);
			runOnlyForDeploymentPostprocessing = 0;
		};
/* End PBXSourcesBuildPhase section */

/* Begin PBXVariantGroup section */
		303939241CA4F3780045762D /* Main.storyboard */ = {
			isa = PBXVariantGroup;
			children = (
				303939251CA4F3780045762D /* Base */,
			);
			name = Main.storyboard;
			sourceTree = "<group>";
		};
		3039392C1CA4F3780045762D /* LaunchScreen.storyboard */ = {
			isa = PBXVariantGroup;
			children = (
				3039392D1CA4F3780045762D /* Base */,
			);
			name = LaunchScreen.storyboard;
			sourceTree = "<group>";
		};
/* End PBXVariantGroup section */

/* Begin XCBuildConfiguration section */
		303939301CA4F3780045762D /* Debug */ = {
			isa = XCBuildConfiguration;
			buildSettings = {
				ALWAYS_SEARCH_USER_PATHS = NO;
				CLANG_CXX_LANGUAGE_STANDARD = "gnu++0x";
				CLANG_CXX_LIBRARY = "libc++";
				CLANG_ENABLE_MODULES = YES;
				CLANG_ENABLE_OBJC_ARC = YES;
				CLANG_WARN_BOOL_CONVERSION = YES;
				CLANG_WARN_CONSTANT_CONVERSION = YES;
				CLANG_WARN_DIRECT_OBJC_ISA_USAGE = YES_ERROR;
				CLANG_WARN_EMPTY_BODY = YES;
				CLANG_WARN_ENUM_CONVERSION = YES;
				CLANG_WARN_INT_CONVERSION = YES;
				CLANG_WARN_OBJC_ROOT_CLASS = YES_ERROR;
				CLANG_WARN_UNREACHABLE_CODE = YES;
				CLANG_WARN__DUPLICATE_METHOD_MATCH = YES;
				"CODE_SIGN_IDENTITY[sdk=iphoneos*]" = "iPhone Developer";
				COPY_PHASE_STRIP = NO;
				DEBUG_INFORMATION_FORMAT = dwarf;
				ENABLE_STRICT_OBJC_MSGSEND = YES;
				ENABLE_TESTABILITY = YES;
				GCC_C_LANGUAGE_STANDARD = gnu99;
				GCC_DYNAMIC_NO_PIC = NO;
				GCC_NO_COMMON_BLOCKS = YES;
				GCC_OPTIMIZATION_LEVEL = 0;
				GCC_PREPROCESSOR_DEFINITIONS = (
					"DEBUG=1",
					"$(inherited)",
				);
				GCC_WARN_64_TO_32_BIT_CONVERSION = YES;
				GCC_WARN_ABOUT_RETURN_TYPE = YES_ERROR;
				GCC_WARN_UNDECLARED_SELECTOR = YES;
				GCC_WARN_UNINITIALIZED_AUTOS = YES_AGGRESSIVE;
				GCC_WARN_UNUSED_FUNCTION = YES;
				GCC_WARN_UNUSED_VARIABLE = YES;
				IPHONEOS_DEPLOYMENT_TARGET = 9.2;
				MTL_ENABLE_DEBUG_INFO = YES;
				ONLY_ACTIVE_ARCH = YES;
				SDKROOT = iphoneos;
				SWIFT_OPTIMIZATION_LEVEL = "-Onone";
				TARGETED_DEVICE_FAMILY = "1,2";
			};
			name = Debug;
		};
		303939311CA4F3780045762D /* Release */ = {
			isa = XCBuildConfiguration;
			buildSettings = {
				ALWAYS_SEARCH_USER_PATHS = NO;
				CLANG_CXX_LANGUAGE_STANDARD = "gnu++0x";
				CLANG_CXX_LIBRARY = "libc++";
				CLANG_ENABLE_MODULES = YES;
				CLANG_ENABLE_OBJC_ARC = YES;
				CLANG_WARN_BOOL_CONVERSION = YES;
				CLANG_WARN_CONSTANT_CONVERSION = YES;
				CLANG_WARN_DIRECT_OBJC_ISA_USAGE = YES_ERROR;
				CLANG_WARN_EMPTY_BODY = YES;
				CLANG_WARN_ENUM_CONVERSION = YES;
				CLANG_WARN_INT_CONVERSION = YES;
				CLANG_WARN_OBJC_ROOT_CLASS = YES_ERROR;
				CLANG_WARN_UNREACHABLE_CODE = YES;
				CLANG_WARN__DUPLICATE_METHOD_MATCH = YES;
				"CODE_SIGN_IDENTITY[sdk=iphoneos*]" = "iPhone Developer";
				COPY_PHASE_STRIP = NO;
				DEBUG_INFORMATION_FORMAT = "dwarf-with-dsym";
				ENABLE_NS_ASSERTIONS = NO;
				ENABLE_STRICT_OBJC_MSGSEND = YES;
				GCC_C_LANGUAGE_STANDARD = gnu99;
				GCC_NO_COMMON_BLOCKS = YES;
				GCC_WARN_64_TO_32_BIT_CONVERSION = YES;
				GCC_WARN_ABOUT_RETURN_TYPE = YES_ERROR;
				GCC_WARN_UNDECLARED_SELECTOR = YES;
				GCC_WARN_UNINITIALIZED_AUTOS = YES_AGGRESSIVE;
				GCC_WARN_UNUSED_FUNCTION = YES;
				GCC_WARN_UNUSED_VARIABLE = YES;
				IPHONEOS_DEPLOYMENT_TARGET = 9.2;
				MTL_ENABLE_DEBUG_INFO = NO;
				SDKROOT = iphoneos;
				TARGETED_DEVICE_FAMILY = "1,2";
				VALIDATE_PRODUCT = YES;
			};
			name = Release;
		};
		303939331CA4F3780045762D /* Debug */ = {
			isa = XCBuildConfiguration;
			buildSettings = {
				ASSETCATALOG_COMPILER_APPICON_NAME = AppIcon;
				INFOPLIST_FILE = Groupify/Info.plist;
				LD_RUNPATH_SEARCH_PATHS = "$(inherited) @executable_path/Frameworks";
				PRODUCT_BUNDLE_IDENTIFIER = sbywater.Groupify;
				PRODUCT_NAME = "$(TARGET_NAME)";
			};
			name = Debug;
		};
		303939341CA4F3780045762D /* Release */ = {
			isa = XCBuildConfiguration;
			buildSettings = {
				ASSETCATALOG_COMPILER_APPICON_NAME = AppIcon;
				INFOPLIST_FILE = Groupify/Info.plist;
				LD_RUNPATH_SEARCH_PATHS = "$(inherited) @executable_path/Frameworks";
				PRODUCT_BUNDLE_IDENTIFIER = sbywater.Groupify;
				PRODUCT_NAME = "$(TARGET_NAME)";
			};
			name = Release;
		};
/* End XCBuildConfiguration section */

/* Begin XCConfigurationList section */
		303939181CA4F3780045762D /* Build configuration list for PBXProject "Groupify" */ = {
			isa = XCConfigurationList;
			buildConfigurations = (
				303939301CA4F3780045762D /* Debug */,
				303939311CA4F3780045762D /* Release */,
			);
			defaultConfigurationIsVisible = 0;
			defaultConfigurationName = Release;
		};
		303939321CA4F3780045762D /* Build configuration list for PBXNativeTarget "Groupify" */ = {
			isa = XCConfigurationList;
			buildConfigurations = (
				303939331CA4F3780045762D /* Debug */,
				303939341CA4F3780045762D /* Release */,
			);
			defaultConfigurationIsVisible = 0;
		};
/* End XCConfigurationList section */

/* Begin XCVersionGroup section */
		303939271CA4F3780045762D /* Groupify.xcdatamodeld */ = {
			isa = XCVersionGroup;
			children = (
				303939281CA4F3780045762D /* Groupify.xcdatamodel */,
			);
			currentVersion = 303939281CA4F3780045762D /* Groupify.xcdatamodel */;
			path = Groupify.xcdatamodeld;
			sourceTree = "<group>";
			versionGroupType = wrapper.xcdatamodel;
		};
/* End XCVersionGroup section */
	};
	rootObject = 303939151CA4F3780045762D /* Project object */;
}
